
Microsoft Visual Studio Solution File, Format Version 12.00
# Visual Studio Version 16
VisualStudioVersion = 16.0.30011.22
MinimumVisualStudioVersion = 10.0.40219.1
Project("{888888A0-9F3D-457C-B088-3A5042F75D52}") = "IntroToPython - Module 1", "IntroToPython - Module 1.pyproj", "{75DAF950-8663-4464-AB9A-9142DC59E32A}"
EndProject
Project("{888888A0-9F3D-457C-B088-3A5042F75D52}") = "IntroToPython - Module 2", "IntroToPython - Module 2\IntroToPython - Module 2.pyproj", "{8E9AB42E-6C10-4EBD-B6E8-99B82CF98020}"
EndProject
Project("{888888A0-9F3D-457C-B088-3A5042F75D52}") = "IntroToPython - Module 3", "IntroToPython - Module 3\IntroToPython - Module 3.pyproj", "{AED45E80-12FC-4533-9296-E86769DB21E7}"
EndProject
Project("{888888A0-9F3D-457C-B088-3A5042F75D52}") = "IntroToPython - Module 4", "IntroToPython - Module 4\IntroToPython - Module 4.pyproj", "{67FA0525-7EE8-48D8-B41C-1C4B2906B434}"
EndProject
Project("{888888A0-9F3D-457C-B088-3A5042F75D52}") = "IntroToPython - Module 5", "IntroToPython - Module 5\IntroToPython - Module 5.pyproj", "{3588516C-69F2-468E-90CA-1A0A6A0EB6C9}"
EndProject
Global
	GlobalSection(SolutionConfigurationPlatforms) = preSolution
		Debug|Any CPU = Debug|Any CPU
		Release|Any CPU = Release|Any CPU
	EndGlobalSection
	GlobalSection(ProjectConfigurationPlatforms) = postSolution
		{75DAF950-8663-4464-AB9A-9142DC59E32A}.Debug|Any CPU.ActiveCfg = Debug|Any CPU
		{75DAF950-8663-4464-AB9A-9142DC59E32A}.Release|Any CPU.ActiveCfg = Release|Any CPU
		{8E9AB42E-6C10-4EBD-B6E8-99B82CF98020}.Debug|Any CPU.ActiveCfg = Debug|Any CPU
		{8E9AB42E-6C10-4EBD-B6E8-99B82CF98020}.Release|Any CPU.ActiveCfg = Release|Any CPU
		{AED45E80-12FC-4533-9296-E86769DB21E7}.Debug|Any CPU.ActiveCfg = Debug|Any CPU
		{AED45E80-12FC-4533-9296-E86769DB21E7}.Release|Any CPU.ActiveCfg = Release|Any CPU
		{67FA0525-7EE8-48D8-B41C-1C4B2906B434}.Debug|Any CPU.ActiveCfg = Debug|Any CPU
		{67FA0525-7EE8-48D8-B41C-1C4B2906B434}.Release|Any CPU.ActiveCfg = Release|Any CPU
		{3588516C-69F2-468E-90CA-1A0A6A0EB6C9}.Debug|Any CPU.ActiveCfg = Debug|Any CPU
		{3588516C-69F2-468E-90CA-1A0A6A0EB6C9}.Release|Any CPU.ActiveCfg = Release|Any CPU
	EndGlobalSection
	GlobalSection(SolutionProperties) = preSolution
		HideSolutionNode = FALSE
	EndGlobalSection
	GlobalSection(ExtensibilityGlobals) = postSolution
		SolutionGuid = {E48B1479-9F0D-4588-8F4F-1B743C8F35DC}
	EndGlobalSection
EndGlobal
